
Microsoft Visual Studio Solution File, Format Version 12.00
# Visual Studio Version 16
VisualStudioVersion = 16.0.28803.352
MinimumVisualStudioVersion = 10.0.40219.1
Project("{FAE04EC0-301F-11D3-BF4B-00C04F79EFBC}") = "MyApi.Tests", "MyApi.Tests\MyApi.Tests.csproj", "{EB963017-0E03-468D-ADAD-FFF55A8237A6}"
EndProject
Global
	GlobalSection(SolutionConfigurationPlatforms) = preSolution
		Debug|Any CPU = Debug|Any CPU
		Release|Any CPU = Release|Any CPU
	EndGlobalSection
	GlobalSection(ProjectConfigurationPlatforms) = postSolution
		{EB963017-0E03-468D-ADAD-FFF55A8237A6}.Debug|Any CPU.ActiveCfg = Debug|Any CPU
		{EB963017-0E03-468D-ADAD-FFF55A8237A6}.Debug|Any CPU.Build.0 = Debug|Any CPU
		{EB963017-0E03-468D-ADAD-FFF55A8237A6}.Release|Any CPU.ActiveCfg = Release|Any CPU
		{EB963017-0E03-468D-ADAD-FFF55A8237A6}.Release|Any CPU.Build.0 = Release|Any CPU
	EndGlobalSection
	GlobalSection(SolutionProperties) = preSolution
		HideSolutionNode = FALSE
	EndGlobalSection
	GlobalSection(ExtensibilityGlobals) = postSolution
		SolutionGuid = {EF2241FB-CD0E-4BFA-93D8-F12847683D47}
	EndGlobalSection
EndGlobal
